// !$*UTF8*$!
{
	archiveVersion = 1;
	classes = {
	};
	objectVersion = 46;
	objects = {

/* Begin PBXBuildFile section */
		84E70F451F5AC2B3000F15EF /* AppDelegate.swift in Sources */ = {isa = PBXBuildFile; fileRef = 84E70F441F5AC2B3000F15EF /* AppDelegate.swift */; };
		84E70F471F5AC2B3000F15EF /* FirstViewController.swift in Sources */ = {isa = PBXBuildFile; fileRef = 84E70F461F5AC2B3000F15EF /* FirstViewController.swift */; };
		84E70F491F5AC2B3000F15EF /* SecondViewController.swift in Sources */ = {isa = PBXBuildFile; fileRef = 84E70F481F5AC2B3000F15EF /* SecondViewController.swift */; };
		84E70F4C1F5AC2B3000F15EF /* Main.storyboard in Resources */ = {isa = PBXBuildFile; fileRef = 84E70F4A1F5AC2B3000F15EF /* Main.storyboard */; };
		84E70F4E1F5AC2B3000F15EF /* Assets.xcassets in Resources */ = {isa = PBXBuildFile; fileRef = 84E70F4D1F5AC2B3000F15EF /* Assets.xcassets */; };
		84E70F511F5AC2B3000F15EF /* LaunchScreen.storyboard in Resources */ = {isa = PBXBuildFile; fileRef = 84E70F4F1F5AC2B3000F15EF /* LaunchScreen.storyboard */; };
/* End PBXBuildFile section */

/* Begin PBXFileReference section */
		84E70F411F5AC2B3000F15EF /* TableToDoApp.app */ = {isa = PBXFileReference; explicitFileType = wrapper.application; includeInIndex = 0; path = TableToDoApp.app; sourceTree = BUILT_PRODUCTS_DIR; };
		84E70F441F5AC2B3000F15EF /* AppDelegate.swift */ = {isa = PBXFileReference; lastKnownFileType = sourcecode.swift; path = AppDelegate.swift; sourceTree = "<group>"; };
		84E70F461F5AC2B3000F15EF /* FirstViewController.swift */ = {isa = PBXFileReference; lastKnownFileType = sourcecode.swift; path = FirstViewController.swift; sourceTree = "<group>"; };
		84E70F481F5AC2B3000F15EF /* SecondViewController.swift */ = {isa = PBXFileReference; lastKnownFileType = sourcecode.swift; path = SecondViewController.swift; sourceTree = "<group>"; };
		84E70F4B1F5AC2B3000F15EF /* Base */ = {isa = PBXFileReference; lastKnownFileType = file.storyboard; name = Base; path = Base.lproj/Main.storyboard; sourceTree = "<group>"; };
		84E70F4D1F5AC2B3000F15EF /* Assets.xcassets */ = {isa = PBXFileReference; lastKnownFileType = folder.assetcatalog; path = Assets.xcassets; sourceTree = "<group>"; };
		84E70F501F5AC2B3000F15EF /* Base */ = {isa = PBXFileReference; lastKnownFileType = file.storyboard; name = Base; path = Base.lproj/LaunchScreen.storyboard; sourceTree = "<group>"; };
		84E70F521F5AC2B3000F15EF /* Info.plist */ = {isa = PBXFileReference; lastKnownFileType = text.plist.xml; path = Info.plist; sourceTree = "<group>"; };
/* End PBXFileReference section */

/* Begin PBXFrameworksBuildPhase section */
		84E70F3E1F5AC2B3000F15EF /* Frameworks */ = {
			isa = PBXFrameworksBuildPhase;
			buildActionMask = 2147483647;
			files = (
			);
			runOnlyForDeploymentPostprocessing = 0;
		};
/* End PBXFrameworksBuildPhase section */

/* Begin PBXGroup section */
		84E70F381F5AC2B3000F15EF = {
			isa = PBXGroup;
			children = (
				84E70F431F5AC2B3000F15EF /* TableToDoApp */,
				84E70F421F5AC2B3000F15EF /* Products */,
			);
			sourceTree = "<group>";
		};
		84E70F421F5AC2B3000F15EF /* Products */ = {
			isa = PBXGroup;
			children = (
				84E70F411F5AC2B3000F15EF /* TableToDoApp.app */,
			);
			name = Products;
			sourceTree = "<group>";
		};
		84E70F431F5AC2B3000F15EF /* TableToDoApp */ = {
			isa = PBXGroup;
			children = (
				84E70F441F5AC2B3000F15EF /* AppDelegate.swift */,
				84E70F461F5AC2B3000F15EF /* FirstViewController.swift */,
				84E70F481F5AC2B3000F15EF /* SecondViewController.swift */,
				84E70F4A1F5AC2B3000F15EF /* Main.storyboard */,
				84E70F4D1F5AC2B3000F15EF /* Assets.xcassets */,
				84E70F4F1F5AC2B3000F15EF /* LaunchScreen.storyboard */,
				84E70F521F5AC2B3000F15EF /* Info.plist */,
			);
			path = TableToDoApp;
			sourceTree = "<group>";
		};
/* End PBXGroup section */

/* Begin PBXNativeTarget section */
		84E70F401F5AC2B3000F15EF /* TableToDoApp */ = {
			isa = PBXNativeTarget;
			buildConfigurationList = 84E70F551F5AC2B3000F15EF /* Build configuration list for PBXNativeTarget "TableToDoApp" */;
			buildPhases = (
				84E70F3D1F5AC2B3000F15EF /* Sources */,
				84E70F3E1F5AC2B3000F15EF /* Frameworks */,
				84E70F3F1F5AC2B3000F15EF /* Resources */,
			);
			buildRules = (
			);
			dependencies = (
			);
			name = TableToDoApp;
			productName = TableToDoApp;
			productReference = 84E70F411F5AC2B3000F15EF /* TableToDoApp.app */;
			productType = "com.apple.product-type.application";
		};
/* End PBXNativeTarget section */

/* Begin PBXProject section */
		84E70F391F5AC2B3000F15EF /* Project object */ = {
			isa = PBXProject;
			attributes = {
				LastSwiftUpdateCheck = 0830;
				LastUpgradeCheck = 0830;
				ORGANIZATIONNAME = Admin;
				TargetAttributes = {
					84E70F401F5AC2B3000F15EF = {
						CreatedOnToolsVersion = 8.3.3;
						ProvisioningStyle = Automatic;
					};
				};
			};
			buildConfigurationList = 84E70F3C1F5AC2B3000F15EF /* Build configuration list for PBXProject "TableToDoApp" */;
			compatibilityVersion = "Xcode 3.2";
			developmentRegion = English;
			hasScannedForEncodings = 0;
			knownRegions = (
				en,
				Base,
			);
			mainGroup = 84E70F381F5AC2B3000F15EF;
			productRefGroup = 84E70F421F5AC2B3000F15EF /* Products */;
			projectDirPath = "";
			projectRoot = "";
			targets = (
				84E70F401F5AC2B3000F15EF /* TableToDoApp */,
			);
		};
/* End PBXProject section */

/* Begin PBXResourcesBuildPhase section */
		84E70F3F1F5AC2B3000F15EF /* Resources */ = {
			isa = PBXResourcesBuildPhase;
			buildActionMask = 2147483647;
			files = (
				84E70F511F5AC2B3000F15EF /* LaunchScreen.storyboard in Resources */,
				84E70F4E1F5AC2B3000F15EF /* Assets.xcassets in Resources */,
				84E70F4C1F5AC2B3000F15EF /* Main.storyboard in Resources */,
			);
			runOnlyForDeploymentPostprocessing = 0;
		};
/* End PBXResourcesBuildPhase section */

/* Begin PBXSourcesBuildPhase section */
		84E70F3D1F5AC2B3000F15EF /* Sources */ = {
			isa = PBXSourcesBuildPhase;
			buildActionMask = 2147483647;
			files = (
				84E70F491F5AC2B3000F15EF /* SecondViewController.swift in Sources */,
				84E70F451F5AC2B3000F15EF /* AppDelegate.swift in Sources */,
				84E70F471F5AC2B3000F15EF /* FirstViewController.swift in Sources */,
			);
			runOnlyForDeploymentPostprocessing = 0;
		};
/* End PBXSourcesBuildPhase section */

/* Begin PBXVariantGroup section */
		84E70F4A1F5AC2B3000F15EF /* Main.storyboard */ = {
			isa = PBXVariantGroup;
			children = (
				84E70F4B1F5AC2B3000F15EF /* Base */,
			);
			name = Main.storyboard;
			sourceTree = "<group>";
		};
		84E70F4F1F5AC2B3000F15EF /* LaunchScreen.storyboard */ = {
			isa = PBXVariantGroup;
			children = (
				84E70F501F5AC2B3000F15EF /* Base */,
			);
			name = LaunchScreen.storyboard;
			sourceTree = "<group>";
		};
/* End PBXVariantGroup section */

/* Begin XCBuildConfiguration section */
		84E70F531F5AC2B3000F15EF /* Debug */ = {
			isa = XCBuildConfiguration;
			buildSettings = {
				ALWAYS_SEARCH_USER_PATHS = NO;
				CLANG_ANALYZER_NONNULL = YES;
				CLANG_ANALYZER_NUMBER_OBJECT_CONVERSION = YES_AGGRESSIVE;
				CLANG_CXX_LANGUAGE_STANDARD = "gnu++0x";
				CLANG_CXX_LIBRARY = "libc++";
				CLANG_ENABLE_MODULES = YES;
				CLANG_ENABLE_OBJC_ARC = YES;
				CLANG_WARN_BOOL_CONVERSION = YES;
				CLANG_WARN_CONSTANT_CONVERSION = YES;
				CLANG_WARN_DIRECT_OBJC_ISA_USAGE = YES_ERROR;
				CLANG_WARN_DOCUMENTATION_COMMENTS = YES;
				CLANG_WARN_EMPTY_BODY = YES;
				CLANG_WARN_ENUM_CONVERSION = YES;
				CLANG_WARN_INFINITE_RECURSION = YES;
				CLANG_WARN_INT_CONVERSION = YES;
				CLANG_WARN_OBJC_ROOT_CLASS = YES_ERROR;
				CLANG_WARN_SUSPICIOUS_MOVE = YES;
				CLANG_WARN_UNREACHABLE_CODE = YES;
				CLANG_WARN__DUPLICATE_METHOD_MATCH = YES;
				"CODE_SIGN_IDENTITY[sdk=iphoneos*]" = "iPhone Developer";
				COPY_PHASE_STRIP = NO;
				DEBUG_INFORMATION_FORMAT = dwarf;
				ENABLE_STRICT_OBJC_MSGSEND = YES;
				ENABLE_TESTABILITY = YES;
				GCC_C_LANGUAGE_STANDARD = gnu99;
				GCC_DYNAMIC_NO_PIC = NO;
				GCC_NO_COMMON_BLOCKS = YES;
				GCC_OPTIMIZATION_LEVEL = 0;
				GCC_PREPROCESSOR_DEFINITIONS = (
					"DEBUG=1",
					"$(inherited)",
				);
				GCC_WARN_64_TO_32_BIT_CONVERSION = YES;
				GCC_WARN_ABOUT_RETURN_TYPE = YES_ERROR;
				GCC_WARN_UNDECLARED_SELECTOR = YES;
				GCC_WARN_UNINITIALIZED_AUTOS = YES_AGGRESSIVE;
				GCC_WARN_UNUSED_FUNCTION = YES;
				GCC_WARN_UNUSED_VARIABLE = YES;
				IPHONEOS_DEPLOYMENT_TARGET = 10.3;
				MTL_ENABLE_DEBUG_INFO = YES;
				ONLY_ACTIVE_ARCH = YES;
				SDKROOT = iphoneos;
				SWIFT_ACTIVE_COMPILATION_CONDITIONS = DEBUG;
				SWIFT_OPTIMIZATION_LEVEL = "-Onone";
				TARGETED_DEVICE_FAMILY = "1,2";
			};
			name = Debug;
		};
		84E70F541F5AC2B3000F15EF /* Release */ = {
			isa = XCBuildConfiguration;
			buildSettings = {
				ALWAYS_SEARCH_USER_PATHS = NO;
				CLANG_ANALYZER_NONNULL = YES;
				CLANG_ANALYZER_NUMBER_OBJECT_CONVERSION = YES_AGGRESSIVE;
				CLANG_CXX_LANGUAGE_STANDARD = "gnu++0x";
				CLANG_CXX_LIBRARY = "libc++";
				CLANG_ENABLE_MODULES = YES;
				CLANG_ENABLE_OBJC_ARC = YES;
				CLANG_WARN_BOOL_CONVERSION = YES;
				CLANG_WARN_CONSTANT_CONVERSION = YES;
				CLANG_WARN_DIRECT_OBJC_ISA_USAGE = YES_ERROR;
				CLANG_WARN_DOCUMENTATION_COMMENTS = YES;
				CLANG_WARN_EMPTY_BODY = YES;
				CLANG_WARN_ENUM_CONVERSION = YES;
				CLANG_WARN_INFINITE_RECURSION = YES;
				CLANG_WARN_INT_CONVERSION = YES;
				CLANG_WARN_OBJC_ROOT_CLASS = YES_ERROR;
				CLANG_WARN_SUSPICIOUS_MOVE = YES;
				CLANG_WARN_UNREACHABLE_CODE = YES;
				CLANG_WARN__DUPLICATE_METHOD_MATCH = YES;
				"CODE_SIGN_IDENTITY[sdk=iphoneos*]" = "iPhone Developer";
				COPY_PHASE_STRIP = NO;
				DEBUG_INFORMATION_FORMAT = "dwarf-with-dsym";
				ENABLE_NS_ASSERTIONS = NO;
				ENABLE_STRICT_OBJC_MSGSEND = YES;
				GCC_C_LANGUAGE_STANDARD = gnu99;
				GCC_NO_COMMON_BLOCKS = YES;
				GCC_WARN_64_TO_32_BIT_CONVERSION = YES;
				GCC_WARN_ABOUT_RETURN_TYPE = YES_ERROR;
				GCC_WARN_UNDECLARED_SELECTOR = YES;
				GCC_WARN_UNINITIALIZED_AUTOS = YES_AGGRESSIVE;
				GCC_WARN_UNUSED_FUNCTION = YES;
				GCC_WARN_UNUSED_VARIABLE = YES;
				IPHONEOS_DEPLOYMENT_TARGET = 10.3;
				MTL_ENABLE_DEBUG_INFO = NO;
				SDKROOT = iphoneos;
				SWIFT_OPTIMIZATION_LEVEL = "-Owholemodule";
				TARGETED_DEVICE_FAMILY = "1,2";
				VALIDATE_PRODUCT = YES;
			};
			name = Release;
		};
		84E70F561F5AC2B3000F15EF /* Debug */ = {
			isa = XCBuildConfiguration;
			buildSettings = {
				ASSETCATALOG_COMPILER_APPICON_NAME = AppIcon;
				INFOPLIST_FILE = TableToDoApp/Info.plist;
				LD_RUNPATH_SEARCH_PATHS = "$(inherited) @executable_path/Frameworks";
				PRODUCT_BUNDLE_IDENTIFIER = com.home.TableToDoApp;
				PRODUCT_NAME = "$(TARGET_NAME)";
				SWIFT_VERSION = 3.0;
			};
			name = Debug;
		};
		84E70F571F5AC2B3000F15EF /* Release */ = {
			isa = XCBuildConfiguration;
			buildSettings = {
				ASSETCATALOG_COMPILER_APPICON_NAME = AppIcon;
				INFOPLIST_FILE = TableToDoApp/Info.plist;
				LD_RUNPATH_SEARCH_PATHS = "$(inherited) @executable_path/Frameworks";
				PRODUCT_BUNDLE_IDENTIFIER = com.home.TableToDoApp;
				PRODUCT_NAME = "$(TARGET_NAME)";
				SWIFT_VERSION = 3.0;
			};
			name = Release;
		};
/* End XCBuildConfiguration section */

/* Begin XCConfigurationList section */
		84E70F3C1F5AC2B3000F15EF /* Build configuration list for PBXProject "TableToDoApp" */ = {
			isa = XCConfigurationList;
			buildConfigurations = (
				84E70F531F5AC2B3000F15EF /* Debug */,
				84E70F541F5AC2B3000F15EF /* Release */,
			);
			defaultConfigurationIsVisible = 0;
			defaultConfigurationName = Release;
		};
		84E70F551F5AC2B3000F15EF /* Build configuration list for PBXNativeTarget "TableToDoApp" */ = {
			isa = XCConfigurationList;
			buildConfigurations = (
				84E70F561F5AC2B3000F15EF /* Debug */,
				84E70F571F5AC2B3000F15EF /* Release */,
			);
			defaultConfigurationIsVisible = 0;
		};
/* End XCConfigurationList section */
	};
	rootObject = 84E70F391F5AC2B3000F15EF /* Project object */;
}
